
Microsoft Visual Studio Solution File, Format Version 12.00
# Visual Studio Version 16
VisualStudioVersion = 25.0.1706.0
MinimumVisualStudioVersion = 10.0.40219.1
Project("{FAE04EC0-301F-11D3-BF4B-00C04F79EFBC}") = "FiresApi", "FiresApi.csproj", "{1585A728-7B6C-4890-A7A0-FB37A6A807AB}"
EndProject
Global
	GlobalSection(SolutionConfigurationPlatforms) = preSolution
		Debug|Any CPU = Debug|Any CPU
		Release|Any CPU = Release|Any CPU
	EndGlobalSection
	GlobalSection(ProjectConfigurationPlatforms) = postSolution
		{1585A728-7B6C-4890-A7A0-FB37A6A807AB}.Debug|Any CPU.ActiveCfg = Debug|Any CPU
		{1585A728-7B6C-4890-A7A0-FB37A6A807AB}.Debug|Any CPU.Build.0 = Debug|Any CPU
		{1585A728-7B6C-4890-A7A0-FB37A6A807AB}.Release|Any CPU.ActiveCfg = Release|Any CPU
		{1585A728-7B6C-4890-A7A0-FB37A6A807AB}.Release|Any CPU.Build.0 = Release|Any CPU
	EndGlobalSection
	GlobalSection(SolutionProperties) = preSolution
		HideSolutionNode = FALSE
	EndGlobalSection
	GlobalSection(ExtensibilityGlobals) = postSolution
		SolutionGuid = {624D0CE5-2981-4E8A-9F3C-C67093D527AF}
	EndGlobalSection
EndGlobal
